# This file is autogenerated, do not edit; changes may be undone by the next 'dep ensure'.


[[projects]]
  branch = "master"
  digest = "1:aa2ce40b2e6895dc0bcc899dfd4061611a831e229c1357c9003fb23662e022c8"
  name = "github.com/confluentinc/confluent-kafka-go"
  packages = ["kafka"]
  pruneopts = "UT"
  revision = "d2ab44a05b46a8e4c151e0d25fb52fa40c9a86ca"

[solve-meta]
  analyzer-name = "dep"
  analyzer-version = 1
  input-imports = ["github.com/confluentinc/confluent-kafka-go/kafka"]
  solver-name = "gps-cdcl"
  solver-version = 1
